Microsoft Visual Studio Solution File, Format Version 12.00
# Visual Studio Version 17
VisualStudioVersion = 17.5.2.0
MinimumVisualStudioVersion = 10.0.40219.1
Project("{FAE04EC0-301F-11D3-BF4B-00C04F79EFBC}") = "VseinstrumentiParser", "VseinstrumentiParser.csproj", "{B8C7380B-8E9A-C04F-0183-66D69E681438}"
EndProject
Global
	GlobalSection(SolutionConfigurationPlatforms) = preSolution
		Debug|Any CPU = Debug|Any CPU
		Release|Any CPU = Release|Any CPU
	EndGlobalSection
	GlobalSection(ProjectConfigurationPlatforms) = postSolution
		{B8C7380B-8E9A-C04F-0183-66D69E681438}.Debug|Any CPU.ActiveCfg = Debug|Any CPU
		{B8C7380B-8E9A-C04F-0183-66D69E681438}.Debug|Any CPU.Build.0 = Debug|Any CPU
		{B8C7380B-8E9A-C04F-0183-66D69E681438}.Release|Any CPU.ActiveCfg = Release|Any CPU
		{B8C7380B-8E9A-C04F-0183-66D69E681438}.Release|Any CPU.Build.0 = Release|Any CPU
	EndGlobalSection
	GlobalSection(SolutionProperties) = preSolution
		HideSolutionNode = FALSE
	EndGlobalSection
	GlobalSection(ExtensibilityGlobals) = postSolution
		SolutionGuid = {5F237398-EDDD-49CE-961D-AB8D552B6082}
	EndGlobalSection
EndGlobal
